
Microsoft Visual Studio Solution File, Format Version 12.00
# Visual Studio Version 17
VisualStudioVersion = 17.14.36603.0 d17.14
MinimumVisualStudioVersion = 10.0.40219.1
Project("{FAE04EC0-301F-11D3-BF4B-00C04F79EFBC}") = "APIS.SPSJM.OOP.Spagety", "APIS.SPSJM.OOP.Spagety\APIS.SPSJM.OOP.Spagety.csproj", "{F4EDEB2C-C48B-4722-960C-F9864D730901}"
EndProject
Global
	GlobalSection(SolutionConfigurationPlatforms) = preSolution
		Debug|Any CPU = Debug|Any CPU
		Release|Any CPU = Release|Any CPU
	EndGlobalSection
	GlobalSection(ProjectConfigurationPlatforms) = postSolution
		{F4EDEB2C-C48B-4722-960C-F9864D730901}.Debug|Any CPU.ActiveCfg = Debug|Any CPU
		{F4EDEB2C-C48B-4722-960C-F9864D730901}.Debug|Any CPU.Build.0 = Debug|Any CPU
		{F4EDEB2C-C48B-4722-960C-F9864D730901}.Release|Any CPU.ActiveCfg = Release|Any CPU
		{F4EDEB2C-C48B-4722-960C-F9864D730901}.Release|Any CPU.Build.0 = Release|Any CPU
	EndGlobalSection
	GlobalSection(SolutionProperties) = preSolution
		HideSolutionNode = FALSE
	EndGlobalSection
	GlobalSection(ExtensibilityGlobals) = postSolution
		SolutionGuid = {0BD7242F-4738-4A29-8803-23ACC7D1B767}
	EndGlobalSection
EndGlobal
